<?xml version="1.0" encoding="utf-8"?>
<Project ToolsVersion="4.0" xmlns="http://schemas.microsoft.com/developer/msbuild/2003">
  <ItemGroup>
    <ClInclude Include="WzDumperLib\MapDumper.hpp">
      <Filter>MapDumper</Filter>
    </ClInclude>
    <ClInclude Include="WzDumperLib\Converters.hpp">
      <Filter>Converters</Filter>
    </ClInclude>
    <ClInclude Include="WzDumperLib\MapDumperProxy.hpp">
      <Filter>MapDumperProxy</Filter>
    </ClInclude>
    <ClInclude Include="WzDumperLib\MapData.hpp">
      <Filter>MapData</Filter>
    </ClInclude>
    <ClInclude Include="WzDumperLib\Types.hpp">
      <Filter>Types</Filter>
    </ClInclude>
    <ClInclude Include="WzDumperLib\TypesConverters.hpp">
      <Filter>Types</Filter>
    </ClInclude>
    <ClInclude Include="WzDumperLib\MapDataConverters.hpp">
      <Filter>MapData</Filter>
    </ClInclude>
    <ClInclude Include="WzDumperLib\WzDumperLib.hpp" />
  </ItemGroup>
  <ItemGroup>
    <Filter Include="MapDumper">
      <UniqueIdentifier>{8a1977ba-053a-4a7a-ba3a-5a40a753cca0}</UniqueIdentifier>
    </Filter>
    <Filter Include="Converters">
      <UniqueIdentifier>{b7883765-7bb8-4c0b-b298-9cfc81747059}</UniqueIdentifier>
    </Filter>
    <Filter Include="MapDumperProxy">
      <UniqueIdentifier>{5cf92138-e031-4994-8087-e9196afa7e9f}</UniqueIdentifier>
    </Filter>
    <Filter Include="MapData">
      <UniqueIdentifier>{2abd7533-8747-46f8-8f0d-33e84352dbde}</UniqueIdentifier>
    </Filter>
    <Filter Include="Types">
      <UniqueIdentifier>{4468fbaa-f0c7-4f6f-b35e-03f9901629b6}</UniqueIdentifier>
    </Filter>
  </ItemGroup>
  <ItemGroup>
    <ClCompile Include="WzDumperLib\MapDumper.cpp">
      <Filter>MapDumper</Filter>
    </ClCompile>
    <ClCompile Include="WzDumperLib\Converters.cpp">
      <Filter>Converters</Filter>
    </ClCompile>
    <ClCompile Include="WzDumperLib\MapDumperProxy.cpp">
      <Filter>MapDumperProxy</Filter>
    </ClCompile>
    <ClCompile Include="WzDumperLib\MapData.cpp">
      <Filter>MapData</Filter>
    </ClCompile>
    <ClCompile Include="WzDumperLib\Types.cpp">
      <Filter>Types</Filter>
    </ClCompile>
  </ItemGroup>
</Project>